// !$*UTF8*$!
{
	archiveVersion = 1;
	classes = {
	};
	objectVersion = 46;
	objects = {

/* Begin PBXBuildFile section */
		5B757C191C40EE2300A93259 /* Yielder.h in Headers */ = {isa = PBXBuildFile; fileRef = 5B757C171C40EE2300A93259 /* Yielder.h */; };
		5B757C1A1C40EE2300A93259 /* Yielder.m in Sources */ = {isa = PBXBuildFile; fileRef = 5B757C181C40EE2300A93259 /* Yielder.m */; };
		5B757C281C40F00E00A93259 /* Tests.m in Sources */ = {isa = PBXBuildFile; fileRef = 5B757C271C40F00E00A93259 /* Tests.m */; };
		5B757C2A1C40F00E00A93259 /* libYielder.a in Frameworks */ = {isa = PBXBuildFile; fileRef = 5B757C0B1C40EDD000A93259 /* libYielder.a */; };
/* End PBXBuildFile section */

/* Begin PBXContainerItemProxy section */
		5B757C2B1C40F00E00A93259 /* PBXContainerItemProxy */ = {
			isa = PBXContainerItemProxy;
			containerPortal = 5B757C031C40EDD000A93259 /* Project object */;
			proxyType = 1;
			remoteGlobalIDString = 5B757C0A1C40EDD000A93259;
			remoteInfo = Yielder;
		};
/* End PBXContainerItemProxy section */

/* Begin PBXFileReference section */
		5B757C0B1C40EDD000A93259 /* libYielder.a */ = {isa = PBXFileReference; explicitFileType = archive.ar; includeInIndex = 0; path = libYielder.a; sourceTree = BUILT_PRODUCTS_DIR; };
		5B757C171C40EE2300A93259 /* Yielder.h */ = {isa = PBXFileReference; fileEncoding = 4; lastKnownFileType = sourcecode.c.h; path = Yielder.h; sourceTree = SOURCE_ROOT; };
		5B757C181C40EE2300A93259 /* Yielder.m */ = {isa = PBXFileReference; fileEncoding = 4; lastKnownFileType = sourcecode.c.objc; path = Yielder.m; sourceTree = SOURCE_ROOT; };
		5B757C251C40F00E00A93259 /* Tests.xctest */ = {isa = PBXFileReference; explicitFileType = wrapper.cfbundle; includeInIndex = 0; path = Tests.xctest; sourceTree = BUILT_PRODUCTS_DIR; };
		5B757C271C40F00E00A93259 /* Tests.m */ = {isa = PBXFileReference; lastKnownFileType = sourcecode.c.objc; path = Tests.m; sourceTree = "<group>"; };
		5B757C291C40F00E00A93259 /* Info.plist */ = {isa = PBXFileReference; lastKnownFileType = text.plist.xml; path = Info.plist; sourceTree = "<group>"; };
/* End PBXFileReference section */

/* Begin PBXFrameworksBuildPhase section */
		5B757C081C40EDD000A93259 /* Frameworks */ = {
			isa = PBXFrameworksBuildPhase;
			buildActionMask = 2147483647;
			files = (
			);
			runOnlyForDeploymentPostprocessing = 0;
		};
		5B757C221C40F00E00A93259 /* Frameworks */ = {
			isa = PBXFrameworksBuildPhase;
			buildActionMask = 2147483647;
			files = (
				5B757C2A1C40F00E00A93259 /* libYielder.a in Frameworks */,
			);
			runOnlyForDeploymentPostprocessing = 0;
		};
/* End PBXFrameworksBuildPhase section */

/* Begin PBXGroup section */
		5B757C021C40EDD000A93259 = {
			isa = PBXGroup;
			children = (
				5B757C0D1C40EDD000A93259 /* Sources */,
				5B757C261C40F00E00A93259 /* Tests */,
				5B757C0C1C40EDD000A93259 /* Products */,
			);
			sourceTree = "<group>";
		};
		5B757C0C1C40EDD000A93259 /* Products */ = {
			isa = PBXGroup;
			children = (
				5B757C0B1C40EDD000A93259 /* libYielder.a */,
				5B757C251C40F00E00A93259 /* Tests.xctest */,
			);
			name = Products;
			sourceTree = "<group>";
		};
		5B757C0D1C40EDD000A93259 /* Sources */ = {
			isa = PBXGroup;
			children = (
				5B757C171C40EE2300A93259 /* Yielder.h */,
				5B757C181C40EE2300A93259 /* Yielder.m */,
			);
			name = Sources;
			path = Yielder;
			sourceTree = "<group>";
		};
		5B757C261C40F00E00A93259 /* Tests */ = {
			isa = PBXGroup;
			children = (
				5B757C271C40F00E00A93259 /* Tests.m */,
				5B757C291C40F00E00A93259 /* Info.plist */,
			);
			path = Tests;
			sourceTree = "<group>";
		};
/* End PBXGroup section */

/* Begin PBXHeadersBuildPhase section */
		5B757C091C40EDD000A93259 /* Headers */ = {
			isa = PBXHeadersBuildPhase;
			buildActionMask = 2147483647;
			files = (
				5B757C191C40EE2300A93259 /* Yielder.h in Headers */,
			);
			runOnlyForDeploymentPostprocessing = 0;
		};
/* End PBXHeadersBuildPhase section */

/* Begin PBXNativeTarget section */
		5B757C0A1C40EDD000A93259 /* Yielder */ = {
			isa = PBXNativeTarget;
			buildConfigurationList = 5B757C141C40EDD000A93259 /* Build configuration list for PBXNativeTarget "Yielder" */;
			buildPhases = (
				5B757C071C40EDD000A93259 /* Sources */,
				5B757C081C40EDD000A93259 /* Frameworks */,
				5B757C091C40EDD000A93259 /* Headers */,
			);
			buildRules = (
			);
			dependencies = (
			);
			name = Yielder;
			productName = Yielder;
			productReference = 5B757C0B1C40EDD000A93259 /* libYielder.a */;
			productType = "com.apple.product-type.library.static";
		};
		5B757C241C40F00E00A93259 /* Tests */ = {
			isa = PBXNativeTarget;
			buildConfigurationList = 5B757C2D1C40F00E00A93259 /* Build configuration list for PBXNativeTarget "Tests" */;
			buildPhases = (
				5B757C211C40F00E00A93259 /* Sources */,
				5B757C221C40F00E00A93259 /* Frameworks */,
				5B757C231C40F00E00A93259 /* Resources */,
			);
			buildRules = (
			);
			dependencies = (
				5B757C2C1C40F00E00A93259 /* PBXTargetDependency */,
			);
			name = Tests;
			productName = Tests;
			productReference = 5B757C251C40F00E00A93259 /* Tests.xctest */;
			productType = "com.apple.product-type.bundle.unit-test";
		};
/* End PBXNativeTarget section */

/* Begin PBXProject section */
		5B757C031C40EDD000A93259 /* Project object */ = {
			isa = PBXProject;
			attributes = {
				CLASSPREFIX = YLD;
				LastUpgradeCheck = 0720;
				ORGANIZATIONNAME = "Martin Kiss";
				TargetAttributes = {
					5B757C0A1C40EDD000A93259 = {
						CreatedOnToolsVersion = 7.2;
					};
					5B757C241C40F00E00A93259 = {
						CreatedOnToolsVersion = 7.2;
					};
				};
			};
			buildConfigurationList = 5B757C061C40EDD000A93259 /* Build configuration list for PBXProject "Yielder" */;
			compatibilityVersion = "Xcode 3.2";
			developmentRegion = English;
			hasScannedForEncodings = 0;
			knownRegions = (
				en,
			);
			mainGroup = 5B757C021C40EDD000A93259;
			productRefGroup = 5B757C0C1C40EDD000A93259 /* Products */;
			projectDirPath = "";
			projectRoot = "";
			targets = (
				5B757C0A1C40EDD000A93259 /* Yielder */,
				5B757C241C40F00E00A93259 /* Tests */,
			);
		};
/* End PBXProject section */

/* Begin PBXResourcesBuildPhase section */
		5B757C231C40F00E00A93259 /* Resources */ = {
			isa = PBXResourcesBuildPhase;
			buildActionMask = 2147483647;
			files = (
			);
			runOnlyForDeploymentPostprocessing = 0;
		};
/* End PBXResourcesBuildPhase section */

/* Begin PBXSourcesBuildPhase section */
		5B757C071C40EDD000A93259 /* Sources */ = {
			isa = PBXSourcesBuildPhase;
			buildActionMask = 2147483647;
			files = (
				5B757C1A1C40EE2300A93259 /* Yielder.m in Sources */,
			);
			runOnlyForDeploymentPostprocessing = 0;
		};
		5B757C211C40F00E00A93259 /* Sources */ = {
			isa = PBXSourcesBuildPhase;
			buildActionMask = 2147483647;
			files = (
				5B757C281C40F00E00A93259 /* Tests.m in Sources */,
			);
			runOnlyForDeploymentPostprocessing = 0;
		};
/* End PBXSourcesBuildPhase section */

/* Begin PBXTargetDependency section */
		5B757C2C1C40F00E00A93259 /* PBXTargetDependency */ = {
			isa = PBXTargetDependency;
			target = 5B757C0A1C40EDD000A93259 /* Yielder */;
			targetProxy = 5B757C2B1C40F00E00A93259 /* PBXContainerItemProxy */;
		};
/* End PBXTargetDependency section */

/* Begin XCBuildConfiguration section */
		5B757C121C40EDD000A93259 /* Debug */ = {
			isa = XCBuildConfiguration;
			buildSettings = {
				ALWAYS_SEARCH_USER_PATHS = NO;
				CLANG_ANALYZER_SECURITY_FLOATLOOPCOUNTER = YES;
				CLANG_ANALYZER_SECURITY_INSECUREAPI_RAND = YES;
				CLANG_ANALYZER_SECURITY_INSECUREAPI_STRCPY = YES;
				CLANG_CXX_LANGUAGE_STANDARD = "gnu++0x";
				CLANG_CXX_LIBRARY = "libc++";
				CLANG_ENABLE_MODULES = YES;
				CLANG_ENABLE_OBJC_ARC = YES;
				CLANG_STATIC_ANALYZER_MODE = deep;
				CLANG_WARN_BOOL_CONVERSION = YES;
				CLANG_WARN_CONSTANT_CONVERSION = YES;
				CLANG_WARN_DEPRECATED_OBJC_IMPLEMENTATIONS = YES;
				CLANG_WARN_DIRECT_OBJC_ISA_USAGE = YES_ERROR;
				CLANG_WARN_DOCUMENTATION_COMMENTS = YES;
				CLANG_WARN_EMPTY_BODY = YES;
				CLANG_WARN_ENUM_CONVERSION = YES;
				CLANG_WARN_INT_CONVERSION = YES;
				CLANG_WARN_NULLABLE_TO_NONNULL_CONVERSION = YES;
				CLANG_WARN_OBJC_ROOT_CLASS = YES_ERROR;
				CLANG_WARN_UNREACHABLE_CODE = YES;
				CLANG_WARN__DUPLICATE_METHOD_MATCH = YES;
				CODE_SIGN_IDENTITY = "-";
				COPY_PHASE_STRIP = NO;
				DEBUG_INFORMATION_FORMAT = dwarf;
				ENABLE_STRICT_OBJC_MSGSEND = YES;
				ENABLE_TESTABILITY = YES;
				GCC_C_LANGUAGE_STANDARD = gnu99;
				GCC_DYNAMIC_NO_PIC = NO;
				GCC_NO_COMMON_BLOCKS = YES;
				GCC_OPTIMIZATION_LEVEL = 0;
				GCC_PREPROCESSOR_DEFINITIONS = (
					"DEBUG=1",
					"$(inherited)",
				);
				GCC_TREAT_INCOMPATIBLE_POINTER_TYPE_WARNINGS_AS_ERRORS = YES;
				GCC_WARN_64_TO_32_BIT_CONVERSION = YES;
				GCC_WARN_ABOUT_MISSING_NEWLINE = YES;
				GCC_WARN_ABOUT_MISSING_PROTOTYPES = YES;
				GCC_WARN_ABOUT_RETURN_TYPE = YES_ERROR;
				GCC_WARN_FOUR_CHARACTER_CONSTANTS = YES;
				GCC_WARN_UNDECLARED_SELECTOR = YES;
				GCC_WARN_UNINITIALIZED_AUTOS = YES_AGGRESSIVE;
				GCC_WARN_UNKNOWN_PRAGMAS = YES;
				GCC_WARN_UNUSED_FUNCTION = YES;
				GCC_WARN_UNUSED_LABEL = YES;
				GCC_WARN_UNUSED_PARAMETER = YES;
				GCC_WARN_UNUSED_VARIABLE = YES;
				MACOSX_DEPLOYMENT_TARGET = 10.11;
				ONLY_ACTIVE_ARCH = YES;
				OTHER_CFLAGS = "-fno-fast-math";
				OTHER_LDFLAGS = "-ObjC";
				RUN_CLANG_STATIC_ANALYZER = YES;
				SDKROOT = macosx;
				WARNING_CFLAGS = (
					"-Wused-but-marked-unused",
					"-Wno-atomic-property-with-user-defined-accessor",
				);
			};
			name = Debug;
		};
		5B757C131C40EDD000A93259 /* Release */ = {
			isa = XCBuildConfiguration;
			buildSettings = {
				ALWAYS_SEARCH_USER_PATHS = NO;
				CLANG_ANALYZER_SECURITY_FLOATLOOPCOUNTER = YES;
				CLANG_ANALYZER_SECURITY_INSECUREAPI_RAND = YES;
				CLANG_ANALYZER_SECURITY_INSECUREAPI_STRCPY = YES;
				CLANG_CXX_LANGUAGE_STANDARD = "gnu++0x";
				CLANG_CXX_LIBRARY = "libc++";
				CLANG_ENABLE_MODULES = YES;
				CLANG_ENABLE_OBJC_ARC = YES;
				CLANG_STATIC_ANALYZER_MODE = deep;
				CLANG_WARN_BOOL_CONVERSION = YES;
				CLANG_WARN_CONSTANT_CONVERSION = YES;
				CLANG_WARN_DEPRECATED_OBJC_IMPLEMENTATIONS = YES;
				CLANG_WARN_DIRECT_OBJC_ISA_USAGE = YES_ERROR;
				CLANG_WARN_DOCUMENTATION_COMMENTS = YES;
				CLANG_WARN_EMPTY_BODY = YES;
				CLANG_WARN_ENUM_CONVERSION = YES;
				CLANG_WARN_INT_CONVERSION = YES;
				CLANG_WARN_NULLABLE_TO_NONNULL_CONVERSION = YES;
				CLANG_WARN_OBJC_ROOT_CLASS = YES_ERROR;
				CLANG_WARN_UNREACHABLE_CODE = YES;
				CLANG_WARN__DUPLICATE_METHOD_MATCH = YES;
				CODE_SIGN_IDENTITY = "-";
				COPY_PHASE_STRIP = NO;
				DEBUG_INFORMATION_FORMAT = "dwarf-with-dsym";
				ENABLE_STRICT_OBJC_MSGSEND = YES;
				GCC_C_LANGUAGE_STANDARD = gnu99;
				GCC_NO_COMMON_BLOCKS = YES;
				GCC_PREPROCESSOR_DEFINITIONS = "RELEASE=1";
				GCC_TREAT_INCOMPATIBLE_POINTER_TYPE_WARNINGS_AS_ERRORS = YES;
				GCC_WARN_64_TO_32_BIT_CONVERSION = YES;
				GCC_WARN_ABOUT_MISSING_NEWLINE = YES;
				GCC_WARN_ABOUT_MISSING_PROTOTYPES = YES;
				GCC_WARN_ABOUT_RETURN_TYPE = YES_ERROR;
				GCC_WARN_FOUR_CHARACTER_CONSTANTS = YES;
				GCC_WARN_UNDECLARED_SELECTOR = YES;
				GCC_WARN_UNINITIALIZED_AUTOS = YES_AGGRESSIVE;
				GCC_WARN_UNKNOWN_PRAGMAS = YES;
				GCC_WARN_UNUSED_FUNCTION = YES;
				GCC_WARN_UNUSED_LABEL = YES;
				GCC_WARN_UNUSED_PARAMETER = YES;
				GCC_WARN_UNUSED_VARIABLE = YES;
				MACOSX_DEPLOYMENT_TARGET = 10.11;
				OTHER_CFLAGS = "-fno-fast-math";
				OTHER_LDFLAGS = "-ObjC";
				RUN_CLANG_STATIC_ANALYZER = YES;
				SDKROOT = macosx;
				WARNING_CFLAGS = (
					"-Wused-but-marked-unused",
					"-Wno-atomic-property-with-user-defined-accessor",
				);
			};
			name = Release;
		};
		5B757C151C40EDD000A93259 /* Debug */ = {
			isa = XCBuildConfiguration;
			buildSettings = {
				EXECUTABLE_PREFIX = lib;
				PRODUCT_NAME = "$(TARGET_NAME)";
			};
			name = Debug;
		};
		5B757C161C40EDD000A93259 /* Release */ = {
			isa = XCBuildConfiguration;
			buildSettings = {
				EXECUTABLE_PREFIX = lib;
				PRODUCT_NAME = "$(TARGET_NAME)";
			};
			name = Release;
		};
		5B757C2E1C40F00E00A93259 /* Debug */ = {
			isa = XCBuildConfiguration;
			buildSettings = {
				COMBINE_HIDPI_IMAGES = YES;
				INFOPLIST_FILE = Tests/Info.plist;
				LD_RUNPATH_SEARCH_PATHS = "$(inherited) @executable_path/../Frameworks @loader_path/../Frameworks";
				MTL_ENABLE_DEBUG_INFO = YES;
				PRODUCT_BUNDLE_IDENTIFIER = com.Tricertops.Yielder.Tests;
				PRODUCT_NAME = "$(TARGET_NAME)";
			};
			name = Debug;
		};
		5B757C2F1C40F00E00A93259 /* Release */ = {
			isa = XCBuildConfiguration;
			buildSettings = {
				COMBINE_HIDPI_IMAGES = YES;
				INFOPLIST_FILE = Tests/Info.plist;
				LD_RUNPATH_SEARCH_PATHS = "$(inherited) @executable_path/../Frameworks @loader_path/../Frameworks";
				MTL_ENABLE_DEBUG_INFO = NO;
				PRODUCT_BUNDLE_IDENTIFIER = com.Tricertops.Yielder.Tests;
				PRODUCT_NAME = "$(TARGET_NAME)";
			};
			name = Release;
		};
/* End XCBuildConfiguration section */

/* Begin XCConfigurationList section */
		5B757C061C40EDD000A93259 /* Build configuration list for PBXProject "Yielder" */ = {
			isa = XCConfigurationList;
			buildConfigurations = (
				5B757C121C40EDD000A93259 /* Debug */,
				5B757C131C40EDD000A93259 /* Release */,
			);
			defaultConfigurationIsVisible = 0;
			defaultConfigurationName = Release;
		};
		5B757C141C40EDD000A93259 /* Build configuration list for PBXNativeTarget "Yielder" */ = {
			isa = XCConfigurationList;
			buildConfigurations = (
				5B757C151C40EDD000A93259 /* Debug */,
				5B757C161C40EDD000A93259 /* Release */,
			);
			defaultConfigurationIsVisible = 0;
		};
		5B757C2D1C40F00E00A93259 /* Build configuration list for PBXNativeTarget "Tests" */ = {
			isa = XCConfigurationList;
			buildConfigurations = (
				5B757C2E1C40F00E00A93259 /* Debug */,
				5B757C2F1C40F00E00A93259 /* Release */,
			);
			defaultConfigurationIsVisible = 0;
		};
/* End XCConfigurationList section */
	};
	rootObject = 5B757C031C40EDD000A93259 /* Project object */;
}
